
Microsoft Visual Studio Solution File, Format Version 12.00
# Visual Studio Version 16
VisualStudioVersion = 16.0.31702.278
MinimumVisualStudioVersion = 10.0.40219.1
Project("{FAE04EC0-301F-11D3-BF4B-00C04F79EFBC}") = "WebCat", "WebCat.csproj", "{DAAB04AD-74F5-4DEE-9E88-F9E0D18EFB80}"
EndProject
Global
	GlobalSection(SolutionConfigurationPlatforms) = preSolution
		Debug|Any CPU = Debug|Any CPU
		Release|Any CPU = Release|Any CPU
	EndGlobalSection
	GlobalSection(ProjectConfigurationPlatforms) = postSolution
		{DAAB04AD-74F5-4DEE-9E88-F9E0D18EFB80}.Debug|Any CPU.ActiveCfg = Debug|Any CPU
		{DAAB04AD-74F5-4DEE-9E88-F9E0D18EFB80}.Debug|Any CPU.Build.0 = Debug|Any CPU
		{DAAB04AD-74F5-4DEE-9E88-F9E0D18EFB80}.Release|Any CPU.ActiveCfg = Release|Any CPU
		{DAAB04AD-74F5-4DEE-9E88-F9E0D18EFB80}.Release|Any CPU.Build.0 = Release|Any CPU
	EndGlobalSection
	GlobalSection(SolutionProperties) = preSolution
		HideSolutionNode = FALSE
	EndGlobalSection
	GlobalSection(ExtensibilityGlobals) = postSolution
		SolutionGuid = {269012D4-B085-47C9-93EE-9B310DE4D8AF}
	EndGlobalSection
EndGlobal
